
Microsoft Visual Studio Solution File, Format Version 12.00
# Visual Studio Version 17
VisualStudioVersion = 17.2.32616.157
MinimumVisualStudioVersion = 10.0.40219.1
Project("{FAE04EC0-301F-11D3-BF4B-00C04F79EFBC}") = "Demo_Singleton", "Demo_Singleton\Demo_Singleton.csproj", "{02BBE1D8-E34C-4BFE-B406-732D49E52F38}"
EndProject
Global
	GlobalSection(SolutionConfigurationPlatforms) = preSolution
		Debug|Any CPU = Debug|Any CPU
		Release|Any CPU = Release|Any CPU
	EndGlobalSection
	GlobalSection(ProjectConfigurationPlatforms) = postSolution
		{02BBE1D8-E34C-4BFE-B406-732D49E52F38}.Debug|Any CPU.ActiveCfg = Debug|Any CPU
		{02BBE1D8-E34C-4BFE-B406-732D49E52F38}.Debug|Any CPU.Build.0 = Debug|Any CPU
		{02BBE1D8-E34C-4BFE-B406-732D49E52F38}.Release|Any CPU.ActiveCfg = Release|Any CPU
		{02BBE1D8-E34C-4BFE-B406-732D49E52F38}.Release|Any CPU.Build.0 = Release|Any CPU
	EndGlobalSection
	GlobalSection(SolutionProperties) = preSolution
		HideSolutionNode = FALSE
	EndGlobalSection
	GlobalSection(ExtensibilityGlobals) = postSolution
		SolutionGuid = {41D30A0E-4917-449D-9E47-26375D08355D}
	EndGlobalSection
EndGlobal
